// !$*UTF8*$!
{
	archiveVersion = 1;
	classes = {
	};
	objectVersion = 55;
	objects = {

/* Begin PBXBuildFile section */
		C2C09CB82857696400466AD1 /* Tests_iOS.swift in Sources */ = {isa = PBXBuildFile; fileRef = C2C09CB72857696400466AD1 /* Tests_iOS.swift */; };
		C2C09CBA2857696400466AD1 /* Tests_iOSLaunchTests.swift in Sources */ = {isa = PBXBuildFile; fileRef = C2C09CB92857696400466AD1 /* Tests_iOSLaunchTests.swift */; };
		C2C09CC42857696400466AD1 /* Tests_macOS.swift in Sources */ = {isa = PBXBuildFile; fileRef = C2C09CC32857696400466AD1 /* Tests_macOS.swift */; };
		C2C09CC62857696400466AD1 /* Tests_macOSLaunchTests.swift in Sources */ = {isa = PBXBuildFile; fileRef = C2C09CC52857696400466AD1 /* Tests_macOSLaunchTests.swift */; };
		C2C09CC72857696400466AD1 /* ToDoListApp.swift in Sources */ = {isa = PBXBuildFile; fileRef = C2C09C9F2857695E00466AD1 /* ToDoListApp.swift */; };
		C2C09CC82857696400466AD1 /* ToDoListApp.swift in Sources */ = {isa = PBXBuildFile; fileRef = C2C09C9F2857695E00466AD1 /* ToDoListApp.swift */; };
		C2C09CC92857696400466AD1 /* ContentView.swift in Sources */ = {isa = PBXBuildFile; fileRef = C2C09CA02857695E00466AD1 /* ContentView.swift */; };
		C2C09CCA2857696400466AD1 /* ContentView.swift in Sources */ = {isa = PBXBuildFile; fileRef = C2C09CA02857695E00466AD1 /* ContentView.swift */; };
		C2C09CCB2857696400466AD1 /* Assets.xcassets in Resources */ = {isa = PBXBuildFile; fileRef = C2C09CA12857696300466AD1 /* Assets.xcassets */; };
		C2C09CCC2857696400466AD1 /* Assets.xcassets in Resources */ = {isa = PBXBuildFile; fileRef = C2C09CA12857696300466AD1 /* Assets.xcassets */; };
/* End PBXBuildFile section */

/* Begin PBXContainerItemProxy section */
		C2C09CB42857696400466AD1 /* PBXContainerItemProxy */ = {
			isa = PBXContainerItemProxy;
			containerPortal = C2C09C9A2857695D00466AD1 /* Project object */;
			proxyType = 1;
			remoteGlobalIDString = C2C09CA52857696400466AD1;
			remoteInfo = "ToDoList (iOS)";
		};
		C2C09CC02857696400466AD1 /* PBXContainerItemProxy */ = {
			isa = PBXContainerItemProxy;
			containerPortal = C2C09C9A2857695D00466AD1 /* Project object */;
			proxyType = 1;
			remoteGlobalIDString = C2C09CAB2857696400466AD1;
			remoteInfo = "ToDoList (macOS)";
		};
/* End PBXContainerItemProxy section */

/* Begin PBXFileReference section */
		C2C09C9F2857695E00466AD1 /* ToDoListApp.swift */ = {isa = PBXFileReference; lastKnownFileType = sourcecode.swift; path = ToDoListApp.swift; sourceTree = "<group>"; };
		C2C09CA02857695E00466AD1 /* ContentView.swift */ = {isa = PBXFileReference; lastKnownFileType = sourcecode.swift; path = ContentView.swift; sourceTree = "<group>"; };
		C2C09CA12857696300466AD1 /* Assets.xcassets */ = {isa = PBXFileReference; lastKnownFileType = folder.assetcatalog; path = Assets.xcassets; sourceTree = "<group>"; };
		C2C09CA62857696400466AD1 /* ToDoList.app */ = {isa = PBXFileReference; explicitFileType = wrapper.application; includeInIndex = 0; path = ToDoList.app; sourceTree = BUILT_PRODUCTS_DIR; };
		C2C09CAC2857696400466AD1 /* ToDoList.app */ = {isa = PBXFileReference; explicitFileType = wrapper.application; includeInIndex = 0; path = ToDoList.app; sourceTree = BUILT_PRODUCTS_DIR; };
		C2C09CAE2857696400466AD1 /* macOS.entitlements */ = {isa = PBXFileReference; lastKnownFileType = text.plist.entitlements; path = macOS.entitlements; sourceTree = "<group>"; };
		C2C09CB32857696400466AD1 /* Tests iOS.xctest */ = {isa = PBXFileReference; explicitFileType = wrapper.cfbundle; includeInIndex = 0; path = "Tests iOS.xctest"; sourceTree = BUILT_PRODUCTS_DIR; };
		C2C09CB72857696400466AD1 /* Tests_iOS.swift */ = {isa = PBXFileReference; lastKnownFileType = sourcecode.swift; path = Tests_iOS.swift; sourceTree = "<group>"; };
		C2C09CB92857696400466AD1 /* Tests_iOSLaunchTests.swift */ = {isa = PBXFileReference; lastKnownFileType = sourcecode.swift; path = Tests_iOSLaunchTests.swift; sourceTree = "<group>"; };
		C2C09CBF2857696400466AD1 /* Tests macOS.xctest */ = {isa = PBXFileReference; explicitFileType = wrapper.cfbundle; includeInIndex = 0; path = "Tests macOS.xctest"; sourceTree = BUILT_PRODUCTS_DIR; };
		C2C09CC32857696400466AD1 /* Tests_macOS.swift */ = {isa = PBXFileReference; lastKnownFileType = sourcecode.swift; path = Tests_macOS.swift; sourceTree = "<group>"; };
		C2C09CC52857696400466AD1 /* Tests_macOSLaunchTests.swift */ = {isa = PBXFileReference; lastKnownFileType = sourcecode.swift; path = Tests_macOSLaunchTests.swift; sourceTree = "<group>"; };
/* End PBXFileReference section */

/* Begin PBXFrameworksBuildPhase section */
		C2C09CA32857696400466AD1 /* Frameworks */ = {
			isa = PBXFrameworksBuildPhase;
			buildActionMask = 2147483647;
			files = (
			);
			runOnlyForDeploymentPostprocessing = 0;
		};
		C2C09CA92857696400466AD1 /* Frameworks */ = {
			isa = PBXFrameworksBuildPhase;
			buildActionMask = 2147483647;
			files = (
			);
			runOnlyForDeploymentPostprocessing = 0;
		};
		C2C09CB02857696400466AD1 /* Frameworks */ = {
			isa = PBXFrameworksBuildPhase;
			buildActionMask = 2147483647;
			files = (
			);
			runOnlyForDeploymentPostprocessing = 0;
		};
		C2C09CBC2857696400466AD1 /* Frameworks */ = {
			isa = PBXFrameworksBuildPhase;
			buildActionMask = 2147483647;
			files = (
			);
			runOnlyForDeploymentPostprocessing = 0;
		};
/* End PBXFrameworksBuildPhase section */

/* Begin PBXGroup section */
		C2C09C992857695D00466AD1 = {
			isa = PBXGroup;
			children = (
				C2C09C9E2857695E00466AD1 /* Shared */,
				C2C09CAD2857696400466AD1 /* macOS */,
				C2C09CB62857696400466AD1 /* Tests iOS */,
				C2C09CC22857696400466AD1 /* Tests macOS */,
				C2C09CA72857696400466AD1 /* Products */,
			);
			sourceTree = "<group>";
		};
		C2C09C9E2857695E00466AD1 /* Shared */ = {
			isa = PBXGroup;
			children = (
				C2C09C9F2857695E00466AD1 /* ToDoListApp.swift */,
				C2C09CA02857695E00466AD1 /* ContentView.swift */,
				C2C09CA12857696300466AD1 /* Assets.xcassets */,
			);
			path = Shared;
			sourceTree = "<group>";
		};
		C2C09CA72857696400466AD1 /* Products */ = {
			isa = PBXGroup;
			children = (
				C2C09CA62857696400466AD1 /* ToDoList.app */,
				C2C09CAC2857696400466AD1 /* ToDoList.app */,
				C2C09CB32857696400466AD1 /* Tests iOS.xctest */,
				C2C09CBF2857696400466AD1 /* Tests macOS.xctest */,
			);
			name = Products;
			sourceTree = "<group>";
		};
		C2C09CAD2857696400466AD1 /* macOS */ = {
			isa = PBXGroup;
			children = (
				C2C09CAE2857696400466AD1 /* macOS.entitlements */,
			);
			path = macOS;
			sourceTree = "<group>";
		};
		C2C09CB62857696400466AD1 /* Tests iOS */ = {
			isa = PBXGroup;
			children = (
				C2C09CB72857696400466AD1 /* Tests_iOS.swift */,
				C2C09CB92857696400466AD1 /* Tests_iOSLaunchTests.swift */,
			);
			path = "Tests iOS";
			sourceTree = "<group>";
		};
		C2C09CC22857696400466AD1 /* Tests macOS */ = {
			isa = PBXGroup;
			children = (
				C2C09CC32857696400466AD1 /* Tests_macOS.swift */,
				C2C09CC52857696400466AD1 /* Tests_macOSLaunchTests.swift */,
			);
			path = "Tests macOS";
			sourceTree = "<group>";
		};
/* End PBXGroup section */

/* Begin PBXNativeTarget section */
		C2C09CA52857696400466AD1 /* ToDoList (iOS) */ = {
			isa = PBXNativeTarget;
			buildConfigurationList = C2C09CCF2857696400466AD1 /* Build configuration list for PBXNativeTarget "ToDoList (iOS)" */;
			buildPhases = (
				C2C09CA22857696400466AD1 /* Sources */,
				C2C09CA32857696400466AD1 /* Frameworks */,
				C2C09CA42857696400466AD1 /* Resources */,
			);
			buildRules = (
			);
			dependencies = (
			);
			name = "ToDoList (iOS)";
			productName = "ToDoList (iOS)";
			productReference = C2C09CA62857696400466AD1 /* ToDoList.app */;
			productType = "com.apple.product-type.application";
		};
		C2C09CAB2857696400466AD1 /* ToDoList (macOS) */ = {
			isa = PBXNativeTarget;
			buildConfigurationList = C2C09CD22857696400466AD1 /* Build configuration list for PBXNativeTarget "ToDoList (macOS)" */;
			buildPhases = (
				C2C09CA82857696400466AD1 /* Sources */,
				C2C09CA92857696400466AD1 /* Frameworks */,
				C2C09CAA2857696400466AD1 /* Resources */,
			);
			buildRules = (
			);
			dependencies = (
			);
			name = "ToDoList (macOS)";
			productName = "ToDoList (macOS)";
			productReference = C2C09CAC2857696400466AD1 /* ToDoList.app */;
			productType = "com.apple.product-type.application";
		};
		C2C09CB22857696400466AD1 /* Tests iOS */ = {
			isa = PBXNativeTarget;
			buildConfigurationList = C2C09CD52857696400466AD1 /* Build configuration list for PBXNativeTarget "Tests iOS" */;
			buildPhases = (
				C2C09CAF2857696400466AD1 /* Sources */,
				C2C09CB02857696400466AD1 /* Frameworks */,
				C2C09CB12857696400466AD1 /* Resources */,
			);
			buildRules = (
			);
			dependencies = (
				C2C09CB52857696400466AD1 /* PBXTargetDependency */,
			);
			name = "Tests iOS";
			productName = "Tests iOS";
			productReference = C2C09CB32857696400466AD1 /* Tests iOS.xctest */;
			productType = "com.apple.product-type.bundle.ui-testing";
		};
		C2C09CBE2857696400466AD1 /* Tests macOS */ = {
			isa = PBXNativeTarget;
			buildConfigurationList = C2C09CD82857696400466AD1 /* Build configuration list for PBXNativeTarget "Tests macOS" */;
			buildPhases = (
				C2C09CBB2857696400466AD1 /* Sources */,
				C2C09CBC2857696400466AD1 /* Frameworks */,
				C2C09CBD2857696400466AD1 /* Resources */,
			);
			buildRules = (
			);
			dependencies = (
				C2C09CC12857696400466AD1 /* PBXTargetDependency */,
			);
			name = "Tests macOS";
			productName = "Tests macOS";
			productReference = C2C09CBF2857696400466AD1 /* Tests macOS.xctest */;
			productType = "com.apple.product-type.bundle.ui-testing";
		};
/* End PBXNativeTarget section */

/* Begin PBXProject section */
		C2C09C9A2857695D00466AD1 /* Project object */ = {
			isa = PBXProject;
			attributes = {
				BuildIndependentTargetsInParallel = 1;
				LastSwiftUpdateCheck = 1340;
				LastUpgradeCheck = 1340;
				TargetAttributes = {
					C2C09CA52857696400466AD1 = {
						CreatedOnToolsVersion = 13.4;
					};
					C2C09CAB2857696400466AD1 = {
						CreatedOnToolsVersion = 13.4;
					};
					C2C09CB22857696400466AD1 = {
						CreatedOnToolsVersion = 13.4;
						TestTargetID = C2C09CA52857696400466AD1;
					};
					C2C09CBE2857696400466AD1 = {
						CreatedOnToolsVersion = 13.4;
						TestTargetID = C2C09CAB2857696400466AD1;
					};
				};
			};
			buildConfigurationList = C2C09C9D2857695D00466AD1 /* Build configuration list for PBXProject "ToDoList" */;
			compatibilityVersion = "Xcode 13.0";
			developmentRegion = en;
			hasScannedForEncodings = 0;
			knownRegions = (
				en,
				Base,
			);
			mainGroup = C2C09C992857695D00466AD1;
			productRefGroup = C2C09CA72857696400466AD1 /* Products */;
			projectDirPath = "";
			projectRoot = "";
			targets = (
				C2C09CA52857696400466AD1 /* ToDoList (iOS) */,
				C2C09CAB2857696400466AD1 /* ToDoList (macOS) */,
				C2C09CB22857696400466AD1 /* Tests iOS */,
				C2C09CBE2857696400466AD1 /* Tests macOS */,
			);
		};
/* End PBXProject section */

/* Begin PBXResourcesBuildPhase section */
		C2C09CA42857696400466AD1 /* Resources */ = {
			isa = PBXResourcesBuildPhase;
			buildActionMask = 2147483647;
			files = (
				C2C09CCB2857696400466AD1 /* Assets.xcassets in Resources */,
			);
			runOnlyForDeploymentPostprocessing = 0;
		};
		C2C09CAA2857696400466AD1 /* Resources */ = {
			isa = PBXResourcesBuildPhase;
			buildActionMask = 2147483647;
			files = (
				C2C09CCC2857696400466AD1 /* Assets.xcassets in Resources */,
			);
			runOnlyForDeploymentPostprocessing = 0;
		};
		C2C09CB12857696400466AD1 /* Resources */ = {
			isa = PBXResourcesBuildPhase;
			buildActionMask = 2147483647;
			files = (
			);
			runOnlyForDeploymentPostprocessing = 0;
		};
		C2C09CBD2857696400466AD1 /* Resources */ = {
			isa = PBXResourcesBuildPhase;
			buildActionMask = 2147483647;
			files = (
			);
			runOnlyForDeploymentPostprocessing = 0;
		};
/* End PBXResourcesBuildPhase section */

/* Begin PBXSourcesBuildPhase section */
		C2C09CA22857696400466AD1 /* Sources */ = {
			isa = PBXSourcesBuildPhase;
			buildActionMask = 2147483647;
			files = (
				C2C09CC92857696400466AD1 /* ContentView.swift in Sources */,
				C2C09CC72857696400466AD1 /* ToDoListApp.swift in Sources */,
			);
			runOnlyForDeploymentPostprocessing = 0;
		};
		C2C09CA82857696400466AD1 /* Sources */ = {
			isa = PBXSourcesBuildPhase;
			buildActionMask = 2147483647;
			files = (
				C2C09CCA2857696400466AD1 /* ContentView.swift in Sources */,
				C2C09CC82857696400466AD1 /* ToDoListApp.swift in Sources */,
			);
			runOnlyForDeploymentPostprocessing = 0;
		};
		C2C09CAF2857696400466AD1 /* Sources */ = {
			isa = PBXSourcesBuildPhase;
			buildActionMask = 2147483647;
			files = (
				C2C09CBA2857696400466AD1 /* Tests_iOSLaunchTests.swift in Sources */,
				C2C09CB82857696400466AD1 /* Tests_iOS.swift in Sources */,
			);
			runOnlyForDeploymentPostprocessing = 0;
		};
		C2C09CBB2857696400466AD1 /* Sources */ = {
			isa = PBXSourcesBuildPhase;
			buildActionMask = 2147483647;
			files = (
				C2C09CC62857696400466AD1 /* Tests_macOSLaunchTests.swift in Sources */,
				C2C09CC42857696400466AD1 /* Tests_macOS.swift in Sources */,
			);
			runOnlyForDeploymentPostprocessing = 0;
		};
/* End PBXSourcesBuildPhase section */

/* Begin PBXTargetDependency section */
		C2C09CB52857696400466AD1 /* PBXTargetDependency */ = {
			isa = PBXTargetDependency;
			target = C2C09CA52857696400466AD1 /* ToDoList (iOS) */;
			targetProxy = C2C09CB42857696400466AD1 /* PBXContainerItemProxy */;
		};
		C2C09CC12857696400466AD1 /* PBXTargetDependency */ = {
			isa = PBXTargetDependency;
			target = C2C09CAB2857696400466AD1 /* ToDoList (macOS) */;
			targetProxy = C2C09CC02857696400466AD1 /* PBXContainerItemProxy */;
		};
/* End PBXTargetDependency section */

/* Begin XCBuildConfiguration section */
		C2C09CCD2857696400466AD1 /* Debug */ = {
			isa = XCBuildConfiguration;
			buildSettings = {
				ALWAYS_SEARCH_USER_PATHS = NO;
				CLANG_ANALYZER_NONNULL = YES;
				CLANG_ANALYZER_NUMBER_OBJECT_CONVERSION = YES_AGGRESSIVE;
				CLANG_CXX_LANGUAGE_STANDARD = "gnu++17";
				CLANG_ENABLE_MODULES = YES;
				CLANG_ENABLE_OBJC_ARC = YES;
				CLANG_ENABLE_OBJC_WEAK = YES;
				CLANG_WARN_BLOCK_CAPTURE_AUTORELEASING = YES;
				CLANG_WARN_BOOL_CONVERSION = YES;
				CLANG_WARN_COMMA = YES;
				CLANG_WARN_CONSTANT_CONVERSION = YES;
				CLANG_WARN_DEPRECATED_OBJC_IMPLEMENTATIONS = YES;
				CLANG_WARN_DIRECT_OBJC_ISA_USAGE = YES_ERROR;
				CLANG_WARN_DOCUMENTATION_COMMENTS = YES;
				CLANG_WARN_EMPTY_BODY = YES;
				CLANG_WARN_ENUM_CONVERSION = YES;
				CLANG_WARN_INFINITE_RECURSION = YES;
				CLANG_WARN_INT_CONVERSION = YES;
				CLANG_WARN_NON_LITERAL_NULL_CONVERSION = YES;
				CLANG_WARN_OBJC_IMPLICIT_RETAIN_SELF = YES;
				CLANG_WARN_OBJC_LITERAL_CONVERSION = YES;
				CLANG_WARN_OBJC_ROOT_CLASS = YES_ERROR;
				CLANG_WARN_QUOTED_INCLUDE_IN_FRAMEWORK_HEADER = YES;
				CLANG_WARN_RANGE_LOOP_ANALYSIS = YES;
				CLANG_WARN_STRICT_PROTOTYPES = YES;
				CLANG_WARN_SUSPICIOUS_MOVE = YES;
				CLANG_WARN_UNGUARDED_AVAILABILITY = YES_AGGRESSIVE;
				CLANG_WARN_UNREACHABLE_CODE = YES;
				CLANG_WARN__DUPLICATE_METHOD_MATCH = YES;
				COPY_PHASE_STRIP = NO;
				DEBUG_INFORMATION_FORMAT = dwarf;
				ENABLE_STRICT_OBJC_MSGSEND = YES;
				ENABLE_TESTABILITY = YES;
				GCC_C_LANGUAGE_STANDARD = gnu11;
				GCC_DYNAMIC_NO_PIC = NO;
				GCC_NO_COMMON_BLOCKS = YES;
				GCC_OPTIMIZATION_LEVEL = 0;
				GCC_PREPROCESSOR_DEFINITIONS = (
					"DEBUG=1",
					"$(inherited)",
				);
				GCC_WARN_64_TO_32_BIT_CONVERSION = YES;
				GCC_WARN_ABOUT_RETURN_TYPE = YES_ERROR;
				GCC_WARN_UNDECLARED_SELECTOR = YES;
				GCC_WARN_UNINITIALIZED_AUTOS = YES_AGGRESSIVE;
				GCC_WARN_UNUSED_FUNCTION = YES;
				GCC_WARN_UNUSED_VARIABLE = YES;
				MTL_ENABLE_DEBUG_INFO = INCLUDE_SOURCE;
				MTL_FAST_MATH = YES;
				ONLY_ACTIVE_ARCH = YES;
				SWIFT_ACTIVE_COMPILATION_CONDITIONS = DEBUG;
				SWIFT_OPTIMIZATION_LEVEL = "-Onone";
			};
			name = Debug;
		};
		C2C09CCE2857696400466AD1 /* Release */ = {
			isa = XCBuildConfiguration;
			buildSettings = {
				ALWAYS_SEARCH_USER_PATHS = NO;
				CLANG_ANALYZER_NONNULL = YES;
				CLANG_ANALYZER_NUMBER_OBJECT_CONVERSION = YES_AGGRESSIVE;
				CLANG_CXX_LANGUAGE_STANDARD = "gnu++17";
				CLANG_ENABLE_MODULES = YES;
				CLANG_ENABLE_OBJC_ARC = YES;
				CLANG_ENABLE_OBJC_WEAK = YES;
				CLANG_WARN_BLOCK_CAPTURE_AUTORELEASING = YES;
				CLANG_WARN_BOOL_CONVERSION = YES;
				CLANG_WARN_COMMA = YES;
				CLANG_WARN_CONSTANT_CONVERSION = YES;
				CLANG_WARN_DEPRECATED_OBJC_IMPLEMENTATIONS = YES;
				CLANG_WARN_DIRECT_OBJC_ISA_USAGE = YES_ERROR;
				CLANG_WARN_DOCUMENTATION_COMMENTS = YES;
				CLANG_WARN_EMPTY_BODY = YES;
				CLANG_WARN_ENUM_CONVERSION = YES;
				CLANG_WARN_INFINITE_RECURSION = YES;
				CLANG_WARN_INT_CONVERSION = YES;
				CLANG_WARN_NON_LITERAL_NULL_CONVERSION = YES;
				CLANG_WARN_OBJC_IMPLICIT_RETAIN_SELF = YES;
				CLANG_WARN_OBJC_LITERAL_CONVERSION = YES;
				CLANG_WARN_OBJC_ROOT_CLASS = YES_ERROR;
				CLANG_WARN_QUOTED_INCLUDE_IN_FRAMEWORK_HEADER = YES;
				CLANG_WARN_RANGE_LOOP_ANALYSIS = YES;
				CLANG_WARN_STRICT_PROTOTYPES = YES;
				CLANG_WARN_SUSPICIOUS_MOVE = YES;
				CLANG_WARN_UNGUARDED_AVAILABILITY = YES_AGGRESSIVE;
				CLANG_WARN_UNREACHABLE_CODE = YES;
				CLANG_WARN__DUPLICATE_METHOD_MATCH = YES;
				COPY_PHASE_STRIP = NO;
				DEBUG_INFORMATION_FORMAT = "dwarf-with-dsym";
				ENABLE_NS_ASSERTIONS = NO;
				ENABLE_STRICT_OBJC_MSGSEND = YES;
				GCC_C_LANGUAGE_STANDARD = gnu11;
				GCC_NO_COMMON_BLOCKS = YES;
				GCC_WARN_64_TO_32_BIT_CONVERSION = YES;
				GCC_WARN_ABOUT_RETURN_TYPE = YES_ERROR;
				GCC_WARN_UNDECLARED_SELECTOR = YES;
				GCC_WARN_UNINITIALIZED_AUTOS = YES_AGGRESSIVE;
				GCC_WARN_UNUSED_FUNCTION = YES;
				GCC_WARN_UNUSED_VARIABLE = YES;
				MTL_ENABLE_DEBUG_INFO = NO;
				MTL_FAST_MATH = YES;
				SWIFT_COMPILATION_MODE = wholemodule;
				SWIFT_OPTIMIZATION_LEVEL = "-O";
			};
			name = Release;
		};
		C2C09CD02857696400466AD1 /* Debug */ = {
			isa = XCBuildConfiguration;
			buildSettings = {
				ASSETCATALOG_COMPILER_APPICON_NAME = AppIcon;
				ASSETCATALOG_COMPILER_GLOBAL_ACCENT_COLOR_NAME = AccentColor;
				CODE_SIGN_STYLE = Automatic;
				CURRENT_PROJECT_VERSION = 1;
				DEVELOPMENT_TEAM = 8Y23V7V25K;
				ENABLE_PREVIEWS = YES;
				GENERATE_INFOPLIST_FILE = YES;
				INFOPLIST_KEY_UIApplicationSceneManifest_Generation = YES;
				INFOPLIST_KEY_UIApplicationSupportsIndirectInputEvents = YES;
				INFOPLIST_KEY_UILaunchScreen_Generation = YES;
				INFOPLIST_KEY_UISupportedInterfaceOrientations_iPad = "UIInterfaceOrientationPortrait UIInterfaceOrientationPortraitUpsideDown UIInterfaceOrientationLandscapeLeft UIInterfaceOrientationLandscapeRight";
				INFOPLIST_KEY_UISupportedInterfaceOrientations_iPhone = "UIInterfaceOrientationPortrait UIInterfaceOrientationLandscapeLeft UIInterfaceOrientationLandscapeRight";
				IPHONEOS_DEPLOYMENT_TARGET = 15.5;
				LD_RUNPATH_SEARCH_PATHS = (
					"$(inherited)",
					"@executable_path/Frameworks",
				);
				MARKETING_VERSION = 1.0;
				PRODUCT_BUNDLE_IDENTIFIER = com.codewithj.ToDoList;
				PRODUCT_NAME = ToDoList;
				SDKROOT = iphoneos;
				SWIFT_EMIT_LOC_STRINGS = YES;
				SWIFT_VERSION = 5.0;
				TARGETED_DEVICE_FAMILY = "1,2";
			};
			name = Debug;
		};
		C2C09CD12857696400466AD1 /* Release */ = {
			isa = XCBuildConfiguration;
			buildSettings = {
				ASSETCATALOG_COMPILER_APPICON_NAME = AppIcon;
				ASSETCATALOG_COMPILER_GLOBAL_ACCENT_COLOR_NAME = AccentColor;
				CODE_SIGN_STYLE = Automatic;
				CURRENT_PROJECT_VERSION = 1;
				DEVELOPMENT_TEAM = 8Y23V7V25K;
				ENABLE_PREVIEWS = YES;
				GENERATE_INFOPLIST_FILE = YES;
				INFOPLIST_KEY_UIApplicationSceneManifest_Generation = YES;
				INFOPLIST_KEY_UIApplicationSupportsIndirectInputEvents = YES;
				INFOPLIST_KEY_UILaunchScreen_Generation = YES;
				INFOPLIST_KEY_UISupportedInterfaceOrientations_iPad = "UIInterfaceOrientationPortrait UIInterfaceOrientationPortraitUpsideDown UIInterfaceOrientationLandscapeLeft UIInterfaceOrientationLandscapeRight";
				INFOPLIST_KEY_UISupportedInterfaceOrientations_iPhone = "UIInterfaceOrientationPortrait UIInterfaceOrientationLandscapeLeft UIInterfaceOrientationLandscapeRight";
				IPHONEOS_DEPLOYMENT_TARGET = 15.5;
				LD_RUNPATH_SEARCH_PATHS = (
					"$(inherited)",
					"@executable_path/Frameworks",
				);
				MARKETING_VERSION = 1.0;
				PRODUCT_BUNDLE_IDENTIFIER = com.codewithj.ToDoList;
				PRODUCT_NAME = ToDoList;
				SDKROOT = iphoneos;
				SWIFT_EMIT_LOC_STRINGS = YES;
				SWIFT_VERSION = 5.0;
				TARGETED_DEVICE_FAMILY = "1,2";
				VALIDATE_PRODUCT = YES;
			};
			name = Release;
		};
		C2C09CD32857696400466AD1 /* Debug */ = {
			isa = XCBuildConfiguration;
			buildSettings = {
				ASSETCATALOG_COMPILER_APPICON_NAME = AppIcon;
				ASSETCATALOG_COMPILER_GLOBAL_ACCENT_COLOR_NAME = AccentColor;
				CODE_SIGN_ENTITLEMENTS = macOS/macOS.entitlements;
				CODE_SIGN_STYLE = Automatic;
				COMBINE_HIDPI_IMAGES = YES;
				CURRENT_PROJECT_VERSION = 1;
				DEVELOPMENT_TEAM = 8Y23V7V25K;
				ENABLE_HARDENED_RUNTIME = YES;
				ENABLE_PREVIEWS = YES;
				GENERATE_INFOPLIST_FILE = YES;
				INFOPLIST_KEY_NSHumanReadableCopyright = "";
				LD_RUNPATH_SEARCH_PATHS = (
					"$(inherited)",
					"@executable_path/../Frameworks",
				);
				MACOSX_DEPLOYMENT_TARGET = 12.3;
				MARKETING_VERSION = 1.0;
				PRODUCT_BUNDLE_IDENTIFIER = com.codewithj.ToDoList;
				PRODUCT_NAME = ToDoList;
				SDKROOT = macosx;
				SWIFT_EMIT_LOC_STRINGS = YES;
				SWIFT_VERSION = 5.0;
			};
			name = Debug;
		};
		C2C09CD42857696400466AD1 /* Release */ = {
			isa = XCBuildConfiguration;
			buildSettings = {
				ASSETCATALOG_COMPILER_APPICON_NAME = AppIcon;
				ASSETCATALOG_COMPILER_GLOBAL_ACCENT_COLOR_NAME = AccentColor;
				CODE_SIGN_ENTITLEMENTS = macOS/macOS.entitlements;
				CODE_SIGN_STYLE = Automatic;
				COMBINE_HIDPI_IMAGES = YES;
				CURRENT_PROJECT_VERSION = 1;
				DEVELOPMENT_TEAM = 8Y23V7V25K;
				ENABLE_HARDENED_RUNTIME = YES;
				ENABLE_PREVIEWS = YES;
				GENERATE_INFOPLIST_FILE = YES;
				INFOPLIST_KEY_NSHumanReadableCopyright = "";
				LD_RUNPATH_SEARCH_PATHS = (
					"$(inherited)",
					"@executable_path/../Frameworks",
				);
				MACOSX_DEPLOYMENT_TARGET = 12.3;
				MARKETING_VERSION = 1.0;
				PRODUCT_BUNDLE_IDENTIFIER = com.codewithj.ToDoList;
				PRODUCT_NAME = ToDoList;
				SDKROOT = macosx;
				SWIFT_EMIT_LOC_STRINGS = YES;
				SWIFT_VERSION = 5.0;
			};
			name = Release;
		};
		C2C09CD62857696400466AD1 /* Debug */ = {
			isa = XCBuildConfiguration;
			buildSettings = {
				ALWAYS_EMBED_SWIFT_STANDARD_LIBRARIES = YES;
				CODE_SIGN_STYLE = Automatic;
				CURRENT_PROJECT_VERSION = 1;
				DEVELOPMENT_TEAM = 8Y23V7V25K;
				GENERATE_INFOPLIST_FILE = YES;
				IPHONEOS_DEPLOYMENT_TARGET = 15.5;
				MARKETING_VERSION = 1.0;
				PRODUCT_BUNDLE_IDENTIFIER = "com.codewithj.Tests-iOS";
				PRODUCT_NAME = "$(TARGET_NAME)";
				SDKROOT = iphoneos;
				SWIFT_EMIT_LOC_STRINGS = NO;
				SWIFT_VERSION = 5.0;
				TARGETED_DEVICE_FAMILY = "1,2";
				TEST_TARGET_NAME = "ToDoList (iOS)";
			};
			name = Debug;
		};
		C2C09CD72857696400466AD1 /* Release */ = {
			isa = XCBuildConfiguration;
			buildSettings = {
				ALWAYS_EMBED_SWIFT_STANDARD_LIBRARIES = YES;
				CODE_SIGN_STYLE = Automatic;
				CURRENT_PROJECT_VERSION = 1;
				DEVELOPMENT_TEAM = 8Y23V7V25K;
				GENERATE_INFOPLIST_FILE = YES;
				IPHONEOS_DEPLOYMENT_TARGET = 15.5;
				MARKETING_VERSION = 1.0;
				PRODUCT_BUNDLE_IDENTIFIER = "com.codewithj.Tests-iOS";
				PRODUCT_NAME = "$(TARGET_NAME)";
				SDKROOT = iphoneos;
				SWIFT_EMIT_LOC_STRINGS = NO;
				SWIFT_VERSION = 5.0;
				TARGETED_DEVICE_FAMILY = "1,2";
				TEST_TARGET_NAME = "ToDoList (iOS)";
				VALIDATE_PRODUCT = YES;
			};
			name = Release;
		};
		C2C09CD92857696400466AD1 /* Debug */ = {
			isa = XCBuildConfiguration;
			buildSettings = {
				ALWAYS_EMBED_SWIFT_STANDARD_LIBRARIES = YES;
				CODE_SIGN_STYLE = Automatic;
				CURRENT_PROJECT_VERSION = 1;
				DEVELOPMENT_TEAM = 8Y23V7V25K;
				GENERATE_INFOPLIST_FILE = YES;
				MACOSX_DEPLOYMENT_TARGET = 12.3;
				MARKETING_VERSION = 1.0;
				PRODUCT_BUNDLE_IDENTIFIER = "com.codewithj.Tests-macOS";
				PRODUCT_NAME = "$(TARGET_NAME)";
				SDKROOT = macosx;
				SWIFT_EMIT_LOC_STRINGS = NO;
				SWIFT_VERSION = 5.0;
				TEST_TARGET_NAME = "ToDoList (macOS)";
			};
			name = Debug;
		};
		C2C09CDA2857696400466AD1 /* Release */ = {
			isa = XCBuildConfiguration;
			buildSettings = {
				ALWAYS_EMBED_SWIFT_STANDARD_LIBRARIES = YES;
				CODE_SIGN_STYLE = Automatic;
				CURRENT_PROJECT_VERSION = 1;
				DEVELOPMENT_TEAM = 8Y23V7V25K;
				GENERATE_INFOPLIST_FILE = YES;
				MACOSX_DEPLOYMENT_TARGET = 12.3;
				MARKETING_VERSION = 1.0;
				PRODUCT_BUNDLE_IDENTIFIER = "com.codewithj.Tests-macOS";
				PRODUCT_NAME = "$(TARGET_NAME)";
				SDKROOT = macosx;
				SWIFT_EMIT_LOC_STRINGS = NO;
				SWIFT_VERSION = 5.0;
				TEST_TARGET_NAME = "ToDoList (macOS)";
			};
			name = Release;
		};
/* End XCBuildConfiguration section */

/* Begin XCConfigurationList section */
		C2C09C9D2857695D00466AD1 /* Build configuration list for PBXProject "ToDoList" */ = {
			isa = XCConfigurationList;
			buildConfigurations = (
				C2C09CCD2857696400466AD1 /* Debug */,
				C2C09CCE2857696400466AD1 /* Release */,
			);
			defaultConfigurationIsVisible = 0;
			defaultConfigurationName = Release;
		};
		C2C09CCF2857696400466AD1 /* Build configuration list for PBXNativeTarget "ToDoList (iOS)" */ = {
			isa = XCConfigurationList;
			buildConfigurations = (
				C2C09CD02857696400466AD1 /* Debug */,
				C2C09CD12857696400466AD1 /* Release */,
			);
			defaultConfigurationIsVisible = 0;
			defaultConfigurationName = Release;
		};
		C2C09CD22857696400466AD1 /* Build configuration list for PBXNativeTarget "ToDoList (macOS)" */ = {
			isa = XCConfigurationList;
			buildConfigurations = (
				C2C09CD32857696400466AD1 /* Debug */,
				C2C09CD42857696400466AD1 /* Release */,
			);
			defaultConfigurationIsVisible = 0;
			defaultConfigurationName = Release;
		};
		C2C09CD52857696400466AD1 /* Build configuration list for PBXNativeTarget "Tests iOS" */ = {
			isa = XCConfigurationList;
			buildConfigurations = (
				C2C09CD62857696400466AD1 /* Debug */,
				C2C09CD72857696400466AD1 /* Release */,
			);
			defaultConfigurationIsVisible = 0;
			defaultConfigurationName = Release;
		};
		C2C09CD82857696400466AD1 /* Build configuration list for PBXNativeTarget "Tests macOS" */ = {
			isa = XCConfigurationList;
			buildConfigurations = (
				C2C09CD92857696400466AD1 /* Debug */,
				C2C09CDA2857696400466AD1 /* Release */,
			);
			defaultConfigurationIsVisible = 0;
			defaultConfigurationName = Release;
		};
/* End XCConfigurationList section */
	};
	rootObject = C2C09C9A2857695D00466AD1 /* Project object */;
}
